
Microsoft Visual Studio Solution File, Format Version 12.00
# Visual Studio Version 16
VisualStudioVersion = 16.0.31702.278
MinimumVisualStudioVersion = 10.0.40219.1
Project("{9A19103F-16F7-4668-BE54-9A1E7A4F7556}") = "PaliCanon.RazorPages", "PaliCanon.RazorPages\PaliCanon.RazorPages.csproj", "{B332D475-89CB-41FE-B268-A874ED95AE99}"
EndProject
Project("{9A19103F-16F7-4668-BE54-9A1E7A4F7556}") = "PaliCanon.RazorPages.ApiClient", "PaliCanon.RazorPages.ApiClient\PaliCanon.RazorPages.ApiClient.csproj", "{4E935E6D-8CF0-48D3-9DC7-FB91C068297B}"
EndProject
Global
	GlobalSection(SolutionConfigurationPlatforms) = preSolution
		Debug|Any CPU = Debug|Any CPU
		Release|Any CPU = Release|Any CPU
	EndGlobalSection
	GlobalSection(ProjectConfigurationPlatforms) = postSolution
		{B332D475-89CB-41FE-B268-A874ED95AE99}.Debug|Any CPU.ActiveCfg = Debug|Any CPU
		{B332D475-89CB-41FE-B268-A874ED95AE99}.Debug|Any CPU.Build.0 = Debug|Any CPU
		{B332D475-89CB-41FE-B268-A874ED95AE99}.Release|Any CPU.ActiveCfg = Release|Any CPU
		{B332D475-89CB-41FE-B268-A874ED95AE99}.Release|Any CPU.Build.0 = Release|Any CPU
		{4E935E6D-8CF0-48D3-9DC7-FB91C068297B}.Debug|Any CPU.ActiveCfg = Debug|Any CPU
		{4E935E6D-8CF0-48D3-9DC7-FB91C068297B}.Debug|Any CPU.Build.0 = Debug|Any CPU
		{4E935E6D-8CF0-48D3-9DC7-FB91C068297B}.Release|Any CPU.ActiveCfg = Release|Any CPU
		{4E935E6D-8CF0-48D3-9DC7-FB91C068297B}.Release|Any CPU.Build.0 = Release|Any CPU
	EndGlobalSection
	GlobalSection(SolutionProperties) = preSolution
		HideSolutionNode = FALSE
	EndGlobalSection
	GlobalSection(ExtensibilityGlobals) = postSolution
		SolutionGuid = {D833669A-F8B9-4AAE-A465-547B5AABF0F0}
	EndGlobalSection
EndGlobal
