Microsoft Visual Studio Solution File, Format Version 12.00
# Visual Studio Version 16
VisualStudioVersion = 16.0.30621.155
MinimumVisualStudioVersion = 15.0.26124.0
Project("{9A19103F-16F7-4668-BE54-9A1E7A4F7556}") = "PaliCanon.Loader", "PaliCanon.Loader\PaliCanon.Loader.csproj", "{63D9EA4B-1D9C-440D-BD6C-8029C4D08489}"
EndProject
Project("{9A19103F-16F7-4668-BE54-9A1E7A4F7556}") = "PaliCanon.Api", "PaliCanon.Api\PaliCanon.Api.csproj", "{0094A891-D5D2-485C-A314-58B3D8181202}"
EndProject
Project("{9A19103F-16F7-4668-BE54-9A1E7A4F7556}") = "PaliCanon.Common", "PaliCanon.Common\PaliCanon.Common.csproj", "{FB6CEC45-383F-4859-9D7F-4808159EEFAA}"
EndProject
Project("{2150E333-8FDC-42A3-9474-1A3956D46DE8}") = "Core", "Core", "{EE24882E-DB37-4914-AE79-8C68C65BB2EE}"
EndProject
Project("{9A19103F-16F7-4668-BE54-9A1E7A4F7556}") = "PaliCanon.Model", "PaliCanon.Model\PaliCanon.Model.csproj", "{86DFE613-88BE-4ADB-9491-B701D6E8EC26}"
EndProject
Project("{2150E333-8FDC-42A3-9474-1A3956D46DE8}") = "Data", "Data", "{A8EDC94F-A1BE-44B1-8643-711C19E51BE9}"
EndProject
Project("{9A19103F-16F7-4668-BE54-9A1E7A4F7556}") = "PaliCanon.Data.MongoDB", "PaliCanon.Data.MongoDB\PaliCanon.Data.MongoDB.csproj", "{CE89D25E-13AD-4665-8BA1-343AB6BD3C29}"
EndProject
Project("{9A19103F-16F7-4668-BE54-9A1E7A4F7556}") = "PaliCanon.DataLoad", "PaliCanon.DataLoad\PaliCanon.DataLoad.csproj", "{59C5EF22-8852-496D-AE0A-6AF46BA625AF}"
EndProject
Project("{9A19103F-16F7-4668-BE54-9A1E7A4F7556}") = "PaliCanon.Contracts", "PaliCanon.Contracts\PaliCanon.Contracts.csproj", "{EEA7ADF5-1A27-4371-A71C-1CC0713762F8}"
EndProject
Global
	GlobalSection(SolutionConfigurationPlatforms) = preSolution
		Debug|Any CPU = Debug|Any CPU
		Debug|x64 = Debug|x64
		Debug|x86 = Debug|x86
		Release|Any CPU = Release|Any CPU
		Release|x64 = Release|x64
		Release|x86 = Release|x86
	EndGlobalSection
	GlobalSection(ProjectConfigurationPlatforms) = postSolution
		{63D9EA4B-1D9C-440D-BD6C-8029C4D08489}.Debug|Any CPU.ActiveCfg = Debug|Any CPU
		{63D9EA4B-1D9C-440D-BD6C-8029C4D08489}.Debug|Any CPU.Build.0 = Debug|Any CPU
		{63D9EA4B-1D9C-440D-BD6C-8029C4D08489}.Debug|x64.ActiveCfg = Debug|x64
		{63D9EA4B-1D9C-440D-BD6C-8029C4D08489}.Debug|x64.Build.0 = Debug|x64
		{63D9EA4B-1D9C-440D-BD6C-8029C4D08489}.Debug|x86.ActiveCfg = Debug|x86
		{63D9EA4B-1D9C-440D-BD6C-8029C4D08489}.Debug|x86.Build.0 = Debug|x86
		{63D9EA4B-1D9C-440D-BD6C-8029C4D08489}.Release|Any CPU.ActiveCfg = Release|Any CPU
		{63D9EA4B-1D9C-440D-BD6C-8029C4D08489}.Release|Any CPU.Build.0 = Release|Any CPU
		{63D9EA4B-1D9C-440D-BD6C-8029C4D08489}.Release|x64.ActiveCfg = Release|x64
		{63D9EA4B-1D9C-440D-BD6C-8029C4D08489}.Release|x64.Build.0 = Release|x64
		{63D9EA4B-1D9C-440D-BD6C-8029C4D08489}.Release|x86.ActiveCfg = Release|x86
		{63D9EA4B-1D9C-440D-BD6C-8029C4D08489}.Release|x86.Build.0 = Release|x86
		{0094A891-D5D2-485C-A314-58B3D8181202}.Debug|Any CPU.ActiveCfg = Debug|Any CPU
		{0094A891-D5D2-485C-A314-58B3D8181202}.Debug|Any CPU.Build.0 = Debug|Any CPU
		{0094A891-D5D2-485C-A314-58B3D8181202}.Debug|x64.ActiveCfg = Debug|x64
		{0094A891-D5D2-485C-A314-58B3D8181202}.Debug|x64.Build.0 = Debug|x64
		{0094A891-D5D2-485C-A314-58B3D8181202}.Debug|x86.ActiveCfg = Debug|x86
		{0094A891-D5D2-485C-A314-58B3D8181202}.Debug|x86.Build.0 = Debug|x86
		{0094A891-D5D2-485C-A314-58B3D8181202}.Release|Any CPU.ActiveCfg = Release|Any CPU
		{0094A891-D5D2-485C-A314-58B3D8181202}.Release|Any CPU.Build.0 = Release|Any CPU
		{0094A891-D5D2-485C-A314-58B3D8181202}.Release|x64.ActiveCfg = Release|x64
		{0094A891-D5D2-485C-A314-58B3D8181202}.Release|x64.Build.0 = Release|x64
		{0094A891-D5D2-485C-A314-58B3D8181202}.Release|x86.ActiveCfg = Release|x86
		{0094A891-D5D2-485C-A314-58B3D8181202}.Release|x86.Build.0 = Release|x86
		{FB6CEC45-383F-4859-9D7F-4808159EEFAA}.Debug|Any CPU.ActiveCfg = Debug|Any CPU
		{FB6CEC45-383F-4859-9D7F-4808159EEFAA}.Debug|Any CPU.Build.0 = Debug|Any CPU
		{FB6CEC45-383F-4859-9D7F-4808159EEFAA}.Debug|x64.ActiveCfg = Debug|Any CPU
		{FB6CEC45-383F-4859-9D7F-4808159EEFAA}.Debug|x64.Build.0 = Debug|Any CPU
		{FB6CEC45-383F-4859-9D7F-4808159EEFAA}.Debug|x86.ActiveCfg = Debug|Any CPU
		{FB6CEC45-383F-4859-9D7F-4808159EEFAA}.Debug|x86.Build.0 = Debug|Any CPU
		{FB6CEC45-383F-4859-9D7F-4808159EEFAA}.Release|Any CPU.ActiveCfg = Release|Any CPU
		{FB6CEC45-383F-4859-9D7F-4808159EEFAA}.Release|Any CPU.Build.0 = Release|Any CPU
		{FB6CEC45-383F-4859-9D7F-4808159EEFAA}.Release|x64.ActiveCfg = Release|Any CPU
		{FB6CEC45-383F-4859-9D7F-4808159EEFAA}.Release|x64.Build.0 = Release|Any CPU
		{FB6CEC45-383F-4859-9D7F-4808159EEFAA}.Release|x86.ActiveCfg = Release|Any CPU
		{FB6CEC45-383F-4859-9D7F-4808159EEFAA}.Release|x86.Build.0 = Release|Any CPU
		{86DFE613-88BE-4ADB-9491-B701D6E8EC26}.Debug|Any CPU.ActiveCfg = Debug|Any CPU
		{86DFE613-88BE-4ADB-9491-B701D6E8EC26}.Debug|Any CPU.Build.0 = Debug|Any CPU
		{86DFE613-88BE-4ADB-9491-B701D6E8EC26}.Debug|x64.ActiveCfg = Debug|Any CPU
		{86DFE613-88BE-4ADB-9491-B701D6E8EC26}.Debug|x64.Build.0 = Debug|Any CPU
		{86DFE613-88BE-4ADB-9491-B701D6E8EC26}.Debug|x86.ActiveCfg = Debug|Any CPU
		{86DFE613-88BE-4ADB-9491-B701D6E8EC26}.Debug|x86.Build.0 = Debug|Any CPU
		{86DFE613-88BE-4ADB-9491-B701D6E8EC26}.Release|Any CPU.ActiveCfg = Release|Any CPU
		{86DFE613-88BE-4ADB-9491-B701D6E8EC26}.Release|Any CPU.Build.0 = Release|Any CPU
		{86DFE613-88BE-4ADB-9491-B701D6E8EC26}.Release|x64.ActiveCfg = Release|Any CPU
		{86DFE613-88BE-4ADB-9491-B701D6E8EC26}.Release|x64.Build.0 = Release|Any CPU
		{86DFE613-88BE-4ADB-9491-B701D6E8EC26}.Release|x86.ActiveCfg = Release|Any CPU
		{86DFE613-88BE-4ADB-9491-B701D6E8EC26}.Release|x86.Build.0 = Release|Any CPU
		{CE89D25E-13AD-4665-8BA1-343AB6BD3C29}.Debug|Any CPU.ActiveCfg = Debug|Any CPU
		{CE89D25E-13AD-4665-8BA1-343AB6BD3C29}.Debug|Any CPU.Build.0 = Debug|Any CPU
		{CE89D25E-13AD-4665-8BA1-343AB6BD3C29}.Debug|x64.ActiveCfg = Debug|Any CPU
		{CE89D25E-13AD-4665-8BA1-343AB6BD3C29}.Debug|x64.Build.0 = Debug|Any CPU
		{CE89D25E-13AD-4665-8BA1-343AB6BD3C29}.Debug|x86.ActiveCfg = Debug|Any CPU
		{CE89D25E-13AD-4665-8BA1-343AB6BD3C29}.Debug|x86.Build.0 = Debug|Any CPU
		{CE89D25E-13AD-4665-8BA1-343AB6BD3C29}.Release|Any CPU.ActiveCfg = Release|Any CPU
		{CE89D25E-13AD-4665-8BA1-343AB6BD3C29}.Release|Any CPU.Build.0 = Release|Any CPU
		{CE89D25E-13AD-4665-8BA1-343AB6BD3C29}.Release|x64.ActiveCfg = Release|Any CPU
		{CE89D25E-13AD-4665-8BA1-343AB6BD3C29}.Release|x64.Build.0 = Release|Any CPU
		{CE89D25E-13AD-4665-8BA1-343AB6BD3C29}.Release|x86.ActiveCfg = Release|Any CPU
		{CE89D25E-13AD-4665-8BA1-343AB6BD3C29}.Release|x86.Build.0 = Release|Any CPU
		{59C5EF22-8852-496D-AE0A-6AF46BA625AF}.Debug|Any CPU.ActiveCfg = Debug|Any CPU
		{59C5EF22-8852-496D-AE0A-6AF46BA625AF}.Debug|Any CPU.Build.0 = Debug|Any CPU
		{59C5EF22-8852-496D-AE0A-6AF46BA625AF}.Debug|x64.ActiveCfg = Debug|Any CPU
		{59C5EF22-8852-496D-AE0A-6AF46BA625AF}.Debug|x64.Build.0 = Debug|Any CPU
		{59C5EF22-8852-496D-AE0A-6AF46BA625AF}.Debug|x86.ActiveCfg = Debug|Any CPU
		{59C5EF22-8852-496D-AE0A-6AF46BA625AF}.Debug|x86.Build.0 = Debug|Any CPU
		{59C5EF22-8852-496D-AE0A-6AF46BA625AF}.Release|Any CPU.ActiveCfg = Release|Any CPU
		{59C5EF22-8852-496D-AE0A-6AF46BA625AF}.Release|Any CPU.Build.0 = Release|Any CPU
		{59C5EF22-8852-496D-AE0A-6AF46BA625AF}.Release|x64.ActiveCfg = Release|Any CPU
		{59C5EF22-8852-496D-AE0A-6AF46BA625AF}.Release|x64.Build.0 = Release|Any CPU
		{59C5EF22-8852-496D-AE0A-6AF46BA625AF}.Release|x86.ActiveCfg = Release|Any CPU
		{59C5EF22-8852-496D-AE0A-6AF46BA625AF}.Release|x86.Build.0 = Release|Any CPU
		{EEA7ADF5-1A27-4371-A71C-1CC0713762F8}.Debug|Any CPU.ActiveCfg = Debug|Any CPU
		{EEA7ADF5-1A27-4371-A71C-1CC0713762F8}.Debug|Any CPU.Build.0 = Debug|Any CPU
		{EEA7ADF5-1A27-4371-A71C-1CC0713762F8}.Debug|x64.ActiveCfg = Debug|Any CPU
		{EEA7ADF5-1A27-4371-A71C-1CC0713762F8}.Debug|x64.Build.0 = Debug|Any CPU
		{EEA7ADF5-1A27-4371-A71C-1CC0713762F8}.Debug|x86.ActiveCfg = Debug|Any CPU
		{EEA7ADF5-1A27-4371-A71C-1CC0713762F8}.Debug|x86.Build.0 = Debug|Any CPU
		{EEA7ADF5-1A27-4371-A71C-1CC0713762F8}.Release|Any CPU.ActiveCfg = Release|Any CPU
		{EEA7ADF5-1A27-4371-A71C-1CC0713762F8}.Release|Any CPU.Build.0 = Release|Any CPU
		{EEA7ADF5-1A27-4371-A71C-1CC0713762F8}.Release|x64.ActiveCfg = Release|Any CPU
		{EEA7ADF5-1A27-4371-A71C-1CC0713762F8}.Release|x64.Build.0 = Release|Any CPU
		{EEA7ADF5-1A27-4371-A71C-1CC0713762F8}.Release|x86.ActiveCfg = Release|Any CPU
		{EEA7ADF5-1A27-4371-A71C-1CC0713762F8}.Release|x86.Build.0 = Release|Any CPU
	EndGlobalSection
	GlobalSection(SolutionProperties) = preSolution
		HideSolutionNode = FALSE
	EndGlobalSection
	GlobalSection(NestedProjects) = preSolution
		{FB6CEC45-383F-4859-9D7F-4808159EEFAA} = {EE24882E-DB37-4914-AE79-8C68C65BB2EE}
		{86DFE613-88BE-4ADB-9491-B701D6E8EC26} = {EE24882E-DB37-4914-AE79-8C68C65BB2EE}
		{CE89D25E-13AD-4665-8BA1-343AB6BD3C29} = {A8EDC94F-A1BE-44B1-8643-711C19E51BE9}
		{59C5EF22-8852-496D-AE0A-6AF46BA625AF} = {EE24882E-DB37-4914-AE79-8C68C65BB2EE}
		{EEA7ADF5-1A27-4371-A71C-1CC0713762F8} = {EE24882E-DB37-4914-AE79-8C68C65BB2EE}
	EndGlobalSection
	GlobalSection(ExtensibilityGlobals) = postSolution
		SolutionGuid = {1A0A6380-4DD9-4C74-AD18-6AC951BC3825}
	EndGlobalSection
EndGlobal
